// !$*UTF8*$!
{
	archiveVersion = 1;
	classes = {
	};
	objectVersion = 50;
	objects = {

/* Begin PBXBuildFile section */
		6802CA4921F1033900922845 /* GameObject.cpp in Sources */ = {isa = PBXBuildFile; fileRef = 6802CA4721F1033900922845 /* GameObject.cpp */; };
		6802F0FB21C83F8D001CF6FC /* texture_loader.cpp in Sources */ = {isa = PBXBuildFile; fileRef = 6802F0F921C83F8D001CF6FC /* texture_loader.cpp */; };
		6802F0FE21C840D7001CF6FC /* Keyboard.cpp in Sources */ = {isa = PBXBuildFile; fileRef = 6802F0FC21C840D7001CF6FC /* Keyboard.cpp */; };
		6802F11E21C84B05001CF6FC /* terrain.png in Copy Files */ = {isa = PBXBuildFile; fileRef = 6802F11321C844EA001CF6FC /* terrain.png */; };
		6802F11F21C84B0F001CF6FC /* PRIMsoil.png in Copy Files */ = {isa = PBXBuildFile; fileRef = 6802F10B21C844DA001CF6FC /* PRIMsoil.png */; };
		6802F12021C84B0F001CF6FC /* PrimroseP.mtl in Copy Files */ = {isa = PBXBuildFile; fileRef = 6802F10C21C844DA001CF6FC /* PrimroseP.mtl */; };
		6802F12121C84B0F001CF6FC /* PRIM1L2.png in Copy Files */ = {isa = PBXBuildFile; fileRef = 6802F10D21C844DA001CF6FC /* PRIM1L2.png */; };
		6802F12221C84B0F001CF6FC /* vase.png in Copy Files */ = {isa = PBXBuildFile; fileRef = 6802F10E21C844DA001CF6FC /* vase.png */; };
		6802F12321C84B0F001CF6FC /* PRIM1L3.png in Copy Files */ = {isa = PBXBuildFile; fileRef = 6802F10F21C844DA001CF6FC /* PRIM1L3.png */; };
		6802F12421C84B0F001CF6FC /* PRIM1P.png in Copy Files */ = {isa = PBXBuildFile; fileRef = 6802F11021C844DA001CF6FC /* PRIM1P.png */; };
		6802F12521C84B0F001CF6FC /* PRIM1ST.png in Copy Files */ = {isa = PBXBuildFile; fileRef = 6802F11121C844DA001CF6FC /* PRIM1ST.png */; };
		68135D9922018CD80037BBD3 /* SingularGameObject.cpp in Sources */ = {isa = PBXBuildFile; fileRef = 68135D9722018CD80037BBD3 /* SingularGameObject.cpp */; };
		68135D9C2201A63F0037BBD3 /* Projectile.cpp in Sources */ = {isa = PBXBuildFile; fileRef = 68135D9A2201A63F0037BBD3 /* Projectile.cpp */; };
		68429F152202F79100D628E9 /* Matrix.cpp in Sources */ = {isa = PBXBuildFile; fileRef = 68429F132202F79100D628E9 /* Matrix.cpp */; };
		68429F182203332F00D628E9 /* AsteroidSpawner.cpp in Sources */ = {isa = PBXBuildFile; fileRef = 68429F162203332F00D628E9 /* AsteroidSpawner.cpp */; };
		684A0C7720D7F09700C6BDC4 /* glm in Frameworks */ = {isa = PBXBuildFile; fileRef = 684A0B6420D7EF8500C6BDC4 /* glm */; };
		684A0C7A20D8052300C6BDC4 /* Camera.cpp in Sources */ = {isa = PBXBuildFile; fileRef = 684A0C7820D8052300C6BDC4 /* Camera.cpp */; };
		684A0C7C20D869E800C6BDC4 /* ObjModel.cpp in Sources */ = {isa = PBXBuildFile; fileRef = 684A0C7B20D869E800C6BDC4 /* ObjModel.cpp */; };
		684A0C8020D86CF400C6BDC4 /* Vec.cpp in Sources */ = {isa = PBXBuildFile; fileRef = 684A0C7E20D86CF400C6BDC4 /* Vec.cpp */; };
		68659EC720907B4B00117AD4 /* main.cpp in Sources */ = {isa = PBXBuildFile; fileRef = 68659EC620907B4B00117AD4 /* main.cpp */; };
		68659ECF20907EE200117AD4 /* GLUT.framework in Frameworks */ = {isa = PBXBuildFile; fileRef = 68659ECE20907EE200117AD4 /* GLUT.framework */; };
		68659ED22090812200117AD4 /* OpenGL.framework in Frameworks */ = {isa = PBXBuildFile; fileRef = 68659ED0209080D500117AD4 /* OpenGL.framework */; };
		6896E9A921FF466F00E69ACF /* Asteroid.cpp in Sources */ = {isa = PBXBuildFile; fileRef = 6896E9A721FF466F00E69ACF /* Asteroid.cpp */; };
		6896E9AD2200E9C600E69ACF /* GameObjectParams.cpp in Sources */ = {isa = PBXBuildFile; fileRef = 6896E9AB2200E9C600E69ACF /* GameObjectParams.cpp */; };
		68E0F29021FF131C00F7C45C /* EnvironmentSphere.cpp in Sources */ = {isa = PBXBuildFile; fileRef = 68E0F28E21FF131C00F7C45C /* EnvironmentSphere.cpp */; };
		68E28F6D20D7D3D4008D533B /* SpaceBlasters.cpp in Sources */ = {isa = PBXBuildFile; fileRef = 68E28F6B20D7D3D4008D533B /* SpaceBlasters.cpp */; };
		68E28F7020D7D4CF008D533B /* SpaceShip.cpp in Sources */ = {isa = PBXBuildFile; fileRef = 68E28F6E20D7D4CF008D533B /* SpaceShip.cpp */; };
/* End PBXBuildFile section */

/* Begin PBXCopyFilesBuildPhase section */
		6802F11D21C84AF5001CF6FC /* Copy Files */ = {
			isa = PBXCopyFilesBuildPhase;
			buildActionMask = 2147483647;
			dstPath = "";
			dstSubfolderSpec = 7;
			files = (
				6802F11F21C84B0F001CF6FC /* PRIMsoil.png in Copy Files */,
				6802F12021C84B0F001CF6FC /* PrimroseP.mtl in Copy Files */,
				6802F12121C84B0F001CF6FC /* PRIM1L2.png in Copy Files */,
				6802F12221C84B0F001CF6FC /* vase.png in Copy Files */,
				6802F12321C84B0F001CF6FC /* PRIM1L3.png in Copy Files */,
				6802F12421C84B0F001CF6FC /* PRIM1P.png in Copy Files */,
				6802F12521C84B0F001CF6FC /* PRIM1ST.png in Copy Files */,
				6802F11E21C84B05001CF6FC /* terrain.png in Copy Files */,
			);
			name = "Copy Files";
			runOnlyForDeploymentPostprocessing = 0;
		};
/* End PBXCopyFilesBuildPhase section */

/* Begin PBXFileReference section */
		6802CA4721F1033900922845 /* GameObject.cpp */ = {isa = PBXFileReference; lastKnownFileType = sourcecode.cpp.cpp; path = GameObject.cpp; sourceTree = "<group>"; };
		6802CA4C21F105F000922845 /* GameObject.hpp */ = {isa = PBXFileReference; fileEncoding = 4; lastKnownFileType = sourcecode.cpp.h; path = GameObject.hpp; sourceTree = "<group>"; };
		6802F0F921C83F8D001CF6FC /* texture_loader.cpp */ = {isa = PBXFileReference; lastKnownFileType = sourcecode.cpp.cpp; path = texture_loader.cpp; sourceTree = "<group>"; };
		6802F0FA21C83F8D001CF6FC /* texture_loader.hpp */ = {isa = PBXFileReference; lastKnownFileType = sourcecode.cpp.h; path = texture_loader.hpp; sourceTree = "<group>"; };
		6802F0FC21C840D7001CF6FC /* Keyboard.cpp */ = {isa = PBXFileReference; lastKnownFileType = sourcecode.cpp.cpp; path = Keyboard.cpp; sourceTree = "<group>"; };
		6802F0FD21C840D7001CF6FC /* Keyboard.hpp */ = {isa = PBXFileReference; lastKnownFileType = sourcecode.cpp.h; path = Keyboard.hpp; sourceTree = "<group>"; };
		6802F10B21C844DA001CF6FC /* PRIMsoil.png */ = {isa = PBXFileReference; lastKnownFileType = image.png; path = PRIMsoil.png; sourceTree = "<group>"; };
		6802F10C21C844DA001CF6FC /* PrimroseP.mtl */ = {isa = PBXFileReference; fileEncoding = 4; lastKnownFileType = text; path = PrimroseP.mtl; sourceTree = "<group>"; };
		6802F10D21C844DA001CF6FC /* PRIM1L2.png */ = {isa = PBXFileReference; lastKnownFileType = image.png; path = PRIM1L2.png; sourceTree = "<group>"; };
		6802F10E21C844DA001CF6FC /* vase.png */ = {isa = PBXFileReference; lastKnownFileType = image.png; path = vase.png; sourceTree = "<group>"; };
		6802F10F21C844DA001CF6FC /* PRIM1L3.png */ = {isa = PBXFileReference; lastKnownFileType = image.png; path = PRIM1L3.png; sourceTree = "<group>"; };
		6802F11021C844DA001CF6FC /* PRIM1P.png */ = {isa = PBXFileReference; lastKnownFileType = image.png; path = PRIM1P.png; sourceTree = "<group>"; };
		6802F11121C844DA001CF6FC /* PRIM1ST.png */ = {isa = PBXFileReference; lastKnownFileType = image.png; path = PRIM1ST.png; sourceTree = "<group>"; };
		6802F11321C844EA001CF6FC /* terrain.png */ = {isa = PBXFileReference; lastKnownFileType = image.png; path = terrain.png; sourceTree = "<group>"; };
		68135D95220189B90037BBD3 /* Enumerator.hpp */ = {isa = PBXFileReference; lastKnownFileType = sourcecode.cpp.h; path = Enumerator.hpp; sourceTree = "<group>"; };
		68135D9722018CD80037BBD3 /* SingularGameObject.cpp */ = {isa = PBXFileReference; lastKnownFileType = sourcecode.cpp.cpp; path = SingularGameObject.cpp; sourceTree = "<group>"; };
		68135D9822018CD80037BBD3 /* SingularGameObject.hpp */ = {isa = PBXFileReference; lastKnownFileType = sourcecode.cpp.h; path = SingularGameObject.hpp; sourceTree = "<group>"; };
		68135D9A2201A63F0037BBD3 /* Projectile.cpp */ = {isa = PBXFileReference; lastKnownFileType = sourcecode.cpp.cpp; path = Projectile.cpp; sourceTree = "<group>"; };
		68135D9B2201A63F0037BBD3 /* Projectile.hpp */ = {isa = PBXFileReference; lastKnownFileType = sourcecode.cpp.h; path = Projectile.hpp; sourceTree = "<group>"; };
		68135D9D2201B0270037BBD3 /* asteroid_low.mtl */ = {isa = PBXFileReference; fileEncoding = 4; lastKnownFileType = text; path = asteroid_low.mtl; sourceTree = "<group>"; };
		68135D9E2201B0270037BBD3 /* asteroid_low.obj */ = {isa = PBXFileReference; fileEncoding = 4; lastKnownFileType = text; path = asteroid_low.obj; sourceTree = "<group>"; };
		682BD77621F4C55D00AA8367 /* spaceship_texture.png */ = {isa = PBXFileReference; lastKnownFileType = image.png; path = spaceship_texture.png; sourceTree = "<group>"; };
		682C116520EADE4700B1C62F /* stb_image.h */ = {isa = PBXFileReference; lastKnownFileType = sourcecode.c.h; path = stb_image.h; sourceTree = "<group>"; };
		68429F132202F79100D628E9 /* Matrix.cpp */ = {isa = PBXFileReference; lastKnownFileType = sourcecode.cpp.cpp; path = Matrix.cpp; sourceTree = "<group>"; };
		68429F142202F79100D628E9 /* Matrix.hpp */ = {isa = PBXFileReference; lastKnownFileType = sourcecode.cpp.h; path = Matrix.hpp; sourceTree = "<group>"; };
		68429F162203332F00D628E9 /* AsteroidSpawner.cpp */ = {isa = PBXFileReference; lastKnownFileType = sourcecode.cpp.cpp; path = AsteroidSpawner.cpp; sourceTree = "<group>"; };
		68429F172203332F00D628E9 /* AsteroidSpawner.hpp */ = {isa = PBXFileReference; lastKnownFileType = sourcecode.cpp.h; path = AsteroidSpawner.hpp; sourceTree = "<group>"; };
		684A0B6420D7EF8500C6BDC4 /* glm */ = {isa = PBXFileReference; lastKnownFileType = folder; name = glm; path = ../../../../usr/local/Cellar/glm/0.9.9.0/include/glm; sourceTree = "<group>"; };
		684A0C7820D8052300C6BDC4 /* Camera.cpp */ = {isa = PBXFileReference; lastKnownFileType = sourcecode.cpp.cpp; path = Camera.cpp; sourceTree = "<group>"; };
		684A0C7920D8052300C6BDC4 /* Camera.hpp */ = {isa = PBXFileReference; lastKnownFileType = sourcecode.cpp.h; path = Camera.hpp; sourceTree = "<group>"; };
		684A0C7B20D869E800C6BDC4 /* ObjModel.cpp */ = {isa = PBXFileReference; lastKnownFileType = sourcecode.cpp.cpp; path = ObjModel.cpp; sourceTree = "<group>"; };
		684A0C7D20D86CB000C6BDC4 /* ObjModel.hpp */ = {isa = PBXFileReference; lastKnownFileType = sourcecode.cpp.h; path = ObjModel.hpp; sourceTree = "<group>"; };
		684A0C7E20D86CF400C6BDC4 /* Vec.cpp */ = {isa = PBXFileReference; lastKnownFileType = sourcecode.cpp.cpp; path = Vec.cpp; sourceTree = "<group>"; };
		684A0C7F20D86CF400C6BDC4 /* Vec.hpp */ = {isa = PBXFileReference; lastKnownFileType = sourcecode.cpp.h; path = Vec.hpp; sourceTree = "<group>"; };
		68614DB021F4D6D30085FAC5 /* spacecraft.obj */ = {isa = PBXFileReference; fileEncoding = 4; lastKnownFileType = text; path = spacecraft.obj; sourceTree = "<group>"; };
		68614DB121F4D6D30085FAC5 /* spacecraft.obj.mtl */ = {isa = PBXFileReference; fileEncoding = 4; lastKnownFileType = text; path = spacecraft.obj.mtl; sourceTree = "<group>"; };
		68614DB221F4D6E70085FAC5 /* spacecraft.png */ = {isa = PBXFileReference; lastKnownFileType = image.png; path = spacecraft.png; sourceTree = "<group>"; };
		68614DB421F653830085FAC5 /* Fighter_Ship_wings_diffuse.jpg */ = {isa = PBXFileReference; lastKnownFileType = image.jpeg; path = Fighter_Ship_wings_diffuse.jpg; sourceTree = "<group>"; };
		68614DB521F653830085FAC5 /* 13897_Sci-Fi_Fighter_Ship_v1_l1.obj */ = {isa = PBXFileReference; fileEncoding = 4; lastKnownFileType = text; path = "13897_Sci-Fi_Fighter_Ship_v1_l1.obj"; sourceTree = "<group>"; };
		68614DB621F653830085FAC5 /* Fighter_Ship_body_diffuse.jpg */ = {isa = PBXFileReference; lastKnownFileType = image.jpeg; path = Fighter_Ship_body_diffuse.jpg; sourceTree = "<group>"; };
		68614DB721F653830085FAC5 /* 13897_Sci-Fi_Fighter_Ship_v1_l1.mtl */ = {isa = PBXFileReference; fileEncoding = 4; lastKnownFileType = text; path = "13897_Sci-Fi_Fighter_Ship_v1_l1.mtl"; sourceTree = "<group>"; };
		68659EC320907B4B00117AD4 /* TI24-OpenGL */ = {isa = PBXFileReference; explicitFileType = "compiled.mach-o.executable"; includeInIndex = 0; path = "TI24-OpenGL"; sourceTree = BUILT_PRODUCTS_DIR; };
		68659EC620907B4B00117AD4 /* main.cpp */ = {isa = PBXFileReference; lastKnownFileType = sourcecode.cpp.cpp; path = main.cpp; sourceTree = "<group>"; };
		68659ECE20907EE200117AD4 /* GLUT.framework */ = {isa = PBXFileReference; lastKnownFileType = wrapper.framework; name = GLUT.framework; path = System/Library/Frameworks/GLUT.framework; sourceTree = SDKROOT; };
		68659ED0209080D500117AD4 /* OpenGL.framework */ = {isa = PBXFileReference; lastKnownFileType = wrapper.framework; name = OpenGL.framework; path = System/Library/Frameworks/OpenGL.framework; sourceTree = SDKROOT; };
		6896E9A421FF465E00E69ACF /* asteroid.jpg */ = {isa = PBXFileReference; lastKnownFileType = image.jpeg; path = asteroid.jpg; sourceTree = "<group>"; };
		6896E9A521FF465E00E69ACF /* asteroid.mtl */ = {isa = PBXFileReference; fileEncoding = 4; lastKnownFileType = text; path = asteroid.mtl; sourceTree = "<group>"; };
		6896E9A621FF465E00E69ACF /* asteroid.obj */ = {isa = PBXFileReference; fileEncoding = 4; lastKnownFileType = text; path = asteroid.obj; sourceTree = "<group>"; };
		6896E9A721FF466F00E69ACF /* Asteroid.cpp */ = {isa = PBXFileReference; lastKnownFileType = sourcecode.cpp.cpp; path = Asteroid.cpp; sourceTree = "<group>"; };
		6896E9A821FF466F00E69ACF /* Asteroid.hpp */ = {isa = PBXFileReference; lastKnownFileType = sourcecode.cpp.h; path = Asteroid.hpp; sourceTree = "<group>"; };
		6896E9AB2200E9C600E69ACF /* GameObjectParams.cpp */ = {isa = PBXFileReference; lastKnownFileType = sourcecode.cpp.cpp; path = GameObjectParams.cpp; sourceTree = "<group>"; };
		6896E9AC2200E9C600E69ACF /* GameObjectParams.hpp */ = {isa = PBXFileReference; lastKnownFileType = sourcecode.cpp.h; path = GameObjectParams.hpp; sourceTree = "<group>"; };
		68E0F28E21FF131C00F7C45C /* EnvironmentSphere.cpp */ = {isa = PBXFileReference; lastKnownFileType = sourcecode.cpp.cpp; path = EnvironmentSphere.cpp; sourceTree = "<group>"; };
		68E0F28F21FF131C00F7C45C /* EnvironmentSphere.hpp */ = {isa = PBXFileReference; lastKnownFileType = sourcecode.cpp.h; path = EnvironmentSphere.hpp; sourceTree = "<group>"; };
		68E28F6B20D7D3D4008D533B /* SpaceBlasters.cpp */ = {isa = PBXFileReference; lastKnownFileType = sourcecode.cpp.cpp; path = SpaceBlasters.cpp; sourceTree = "<group>"; };
		68E28F6C20D7D3D4008D533B /* SpaceBlasters.hpp */ = {isa = PBXFileReference; lastKnownFileType = sourcecode.cpp.h; path = SpaceBlasters.hpp; sourceTree = "<group>"; };
		68E28F6E20D7D4CF008D533B /* SpaceShip.cpp */ = {isa = PBXFileReference; lastKnownFileType = sourcecode.cpp.cpp; path = SpaceShip.cpp; sourceTree = "<group>"; };
		68E28F6F20D7D4CF008D533B /* SpaceShip.hpp */ = {isa = PBXFileReference; lastKnownFileType = sourcecode.cpp.h; path = SpaceShip.hpp; sourceTree = "<group>"; };
/* End PBXFileReference section */

/* Begin PBXFrameworksBuildPhase section */
		68659EC020907B4B00117AD4 /* Frameworks */ = {
			isa = PBXFrameworksBuildPhase;
			buildActionMask = 2147483647;
			files = (
				684A0C7720D7F09700C6BDC4 /* glm in Frameworks */,
				68659ED22090812200117AD4 /* OpenGL.framework in Frameworks */,
				68659ECF20907EE200117AD4 /* GLUT.framework in Frameworks */,
			);
			runOnlyForDeploymentPostprocessing = 0;
		};
/* End PBXFrameworksBuildPhase section */

/* Begin PBXGroup section */
		6802CA4321E3FB9F00922845 /* spacecraft */ = {
			isa = PBXGroup;
			children = (
				68614DB021F4D6D30085FAC5 /* spacecraft.obj */,
				68614DB121F4D6D30085FAC5 /* spacecraft.obj.mtl */,
			);
			path = spacecraft;
			sourceTree = "<group>";
		};
		6802CA4A21F104EB00922845 /* GameObjects */ = {
			isa = PBXGroup;
			children = (
				6802CA4C21F105F000922845 /* GameObject.hpp */,
				6802CA4721F1033900922845 /* GameObject.cpp */,
				68135D9722018CD80037BBD3 /* SingularGameObject.cpp */,
				68135D9822018CD80037BBD3 /* SingularGameObject.hpp */,
				68E28F6E20D7D4CF008D533B /* SpaceShip.cpp */,
				68E28F6F20D7D4CF008D533B /* SpaceShip.hpp */,
				68E0F28E21FF131C00F7C45C /* EnvironmentSphere.cpp */,
				68E0F28F21FF131C00F7C45C /* EnvironmentSphere.hpp */,
				6896E9A721FF466F00E69ACF /* Asteroid.cpp */,
				6896E9A821FF466F00E69ACF /* Asteroid.hpp */,
				68135D9A2201A63F0037BBD3 /* Projectile.cpp */,
				68135D9B2201A63F0037BBD3 /* Projectile.hpp */,
			);
			path = GameObjects;
			sourceTree = "<group>";
		};
		6802CA4B21F1054B00922845 /* Graphics */ = {
			isa = PBXGroup;
			children = (
				6802F0F921C83F8D001CF6FC /* texture_loader.cpp */,
				6802F0FA21C83F8D001CF6FC /* texture_loader.hpp */,
				684A0C7B20D869E800C6BDC4 /* ObjModel.cpp */,
				684A0C7D20D86CB000C6BDC4 /* ObjModel.hpp */,
				682C116520EADE4700B1C62F /* stb_image.h */,
			);
			name = Graphics;
			sourceTree = "<group>";
		};
		6802CA4D21F1425700922845 /* Helpers */ = {
			isa = PBXGroup;
			children = (
				684A0C7E20D86CF400C6BDC4 /* Vec.cpp */,
				684A0C7F20D86CF400C6BDC4 /* Vec.hpp */,
				6896E9AB2200E9C600E69ACF /* GameObjectParams.cpp */,
				6896E9AC2200E9C600E69ACF /* GameObjectParams.hpp */,
				68135D95220189B90037BBD3 /* Enumerator.hpp */,
				68429F132202F79100D628E9 /* Matrix.cpp */,
				68429F142202F79100D628E9 /* Matrix.hpp */,
				68429F162203332F00D628E9 /* AsteroidSpawner.cpp */,
				68429F172203332F00D628E9 /* AsteroidSpawner.hpp */,
			);
			name = Helpers;
			sourceTree = "<group>";
		};
		6802F0FF21C84403001CF6FC /* models */ = {
			isa = PBXGroup;
			children = (
				6896E9A321FF465E00E69ACF /* asteroid */,
				68614DB321F653830085FAC5 /* fightership */,
				6802F10A21C844DA001CF6FC /* bloemetje */,
			);
			path = models;
			sourceTree = "<group>";
		};
		6802F10A21C844DA001CF6FC /* bloemetje */ = {
			isa = PBXGroup;
			children = (
				6802F10B21C844DA001CF6FC /* PRIMsoil.png */,
				6802F10C21C844DA001CF6FC /* PrimroseP.mtl */,
				6802F10D21C844DA001CF6FC /* PRIM1L2.png */,
				6802F10E21C844DA001CF6FC /* vase.png */,
				6802F10F21C844DA001CF6FC /* PRIM1L3.png */,
				6802F11021C844DA001CF6FC /* PRIM1P.png */,
				6802F11121C844DA001CF6FC /* PRIM1ST.png */,
			);
			path = bloemetje;
			sourceTree = "<group>";
		};
		68614DB321F653830085FAC5 /* fightership */ = {
			isa = PBXGroup;
			children = (
				68614DB421F653830085FAC5 /* Fighter_Ship_wings_diffuse.jpg */,
				68614DB521F653830085FAC5 /* 13897_Sci-Fi_Fighter_Ship_v1_l1.obj */,
				68614DB621F653830085FAC5 /* Fighter_Ship_body_diffuse.jpg */,
				68614DB721F653830085FAC5 /* 13897_Sci-Fi_Fighter_Ship_v1_l1.mtl */,
			);
			path = fightership;
			sourceTree = "<group>";
		};
		68659EBA20907B4B00117AD4 = {
			isa = PBXGroup;
			children = (
				68659EC520907B4B00117AD4 /* TI24-OpenGL */,
				68659EC420907B4B00117AD4 /* Products */,
				68659ECD20907EE200117AD4 /* Frameworks */,
			);
			sourceTree = "<group>";
		};
		68659EC420907B4B00117AD4 /* Products */ = {
			isa = PBXGroup;
			children = (
				68659EC320907B4B00117AD4 /* TI24-OpenGL */,
			);
			name = Products;
			sourceTree = "<group>";
		};
		68659EC520907B4B00117AD4 /* TI24-OpenGL */ = {
			isa = PBXGroup;
			children = (
				68614DB221F4D6E70085FAC5 /* spacecraft.png */,
				682BD77621F4C55D00AA8367 /* spaceship_texture.png */,
				6802CA4D21F1425700922845 /* Helpers */,
				6802CA4B21F1054B00922845 /* Graphics */,
				6802CA4A21F104EB00922845 /* GameObjects */,
				6802CA4321E3FB9F00922845 /* spacecraft */,
				6802F11321C844EA001CF6FC /* terrain.png */,
				6802F0FF21C84403001CF6FC /* models */,
				68659EC620907B4B00117AD4 /* main.cpp */,
				68E28F6B20D7D3D4008D533B /* SpaceBlasters.cpp */,
				68E28F6C20D7D3D4008D533B /* SpaceBlasters.hpp */,
				684A0C7820D8052300C6BDC4 /* Camera.cpp */,
				684A0C7920D8052300C6BDC4 /* Camera.hpp */,
				6802F0FC21C840D7001CF6FC /* Keyboard.cpp */,
				6802F0FD21C840D7001CF6FC /* Keyboard.hpp */,
			);
			path = "TI24-OpenGL";
			sourceTree = "<group>";
		};
		68659ECD20907EE200117AD4 /* Frameworks */ = {
			isa = PBXGroup;
			children = (
				684A0B6420D7EF8500C6BDC4 /* glm */,
				68659ED0209080D500117AD4 /* OpenGL.framework */,
				68659ECE20907EE200117AD4 /* GLUT.framework */,
			);
			name = Frameworks;
			sourceTree = "<group>";
		};
		6896E9A321FF465E00E69ACF /* asteroid */ = {
			isa = PBXGroup;
			children = (
				68135D9D2201B0270037BBD3 /* asteroid_low.mtl */,
				68135D9E2201B0270037BBD3 /* asteroid_low.obj */,
				6896E9A421FF465E00E69ACF /* asteroid.jpg */,
				6896E9A521FF465E00E69ACF /* asteroid.mtl */,
				6896E9A621FF465E00E69ACF /* asteroid.obj */,
			);
			path = asteroid;
			sourceTree = "<group>";
		};
/* End PBXGroup section */

/* Begin PBXNativeTarget section */
		68659EC220907B4B00117AD4 /* TI24-OpenGL */ = {
			isa = PBXNativeTarget;
			buildConfigurationList = 68659ECA20907B4B00117AD4 /* Build configuration list for PBXNativeTarget "TI24-OpenGL" */;
			buildPhases = (
				68659EBF20907B4B00117AD4 /* Sources */,
				68659EC020907B4B00117AD4 /* Frameworks */,
				6802F11D21C84AF5001CF6FC /* Copy Files */,
			);
			buildRules = (
			);
			dependencies = (
			);
			name = "TI24-OpenGL";
			productName = "TI24-OpenGL";
			productReference = 68659EC320907B4B00117AD4 /* TI24-OpenGL */;
			productType = "com.apple.product-type.tool";
		};
/* End PBXNativeTarget section */

/* Begin PBXProject section */
		68659EBB20907B4B00117AD4 /* Project object */ = {
			isa = PBXProject;
			attributes = {
				LastUpgradeCheck = 0930;
				ORGANIZATIONNAME = "Jordy Sipkema";
				TargetAttributes = {
					68659EC220907B4B00117AD4 = {
						CreatedOnToolsVersion = 9.3;
					};
				};
			};
			buildConfigurationList = 68659EBE20907B4B00117AD4 /* Build configuration list for PBXProject "TI24-OpenGL" */;
			compatibilityVersion = "Xcode 9.3";
			developmentRegion = en;
			hasScannedForEncodings = 0;
			knownRegions = (
				en,
			);
			mainGroup = 68659EBA20907B4B00117AD4;
			productRefGroup = 68659EC420907B4B00117AD4 /* Products */;
			projectDirPath = "";
			projectRoot = "";
			targets = (
				68659EC220907B4B00117AD4 /* TI24-OpenGL */,
			);
		};
/* End PBXProject section */

/* Begin PBXSourcesBuildPhase section */
		68659EBF20907B4B00117AD4 /* Sources */ = {
			isa = PBXSourcesBuildPhase;
			buildActionMask = 2147483647;
			files = (
				684A0C8020D86CF400C6BDC4 /* Vec.cpp in Sources */,
				6802F0FE21C840D7001CF6FC /* Keyboard.cpp in Sources */,
				6802F0FB21C83F8D001CF6FC /* texture_loader.cpp in Sources */,
				6802CA4921F1033900922845 /* GameObject.cpp in Sources */,
				684A0C7A20D8052300C6BDC4 /* Camera.cpp in Sources */,
				6896E9AD2200E9C600E69ACF /* GameObjectParams.cpp in Sources */,
				68135D9C2201A63F0037BBD3 /* Projectile.cpp in Sources */,
				68E28F6D20D7D3D4008D533B /* SpaceBlasters.cpp in Sources */,
				68659EC720907B4B00117AD4 /* main.cpp in Sources */,
				68429F152202F79100D628E9 /* Matrix.cpp in Sources */,
				68135D9922018CD80037BBD3 /* SingularGameObject.cpp in Sources */,
				6896E9A921FF466F00E69ACF /* Asteroid.cpp in Sources */,
				684A0C7C20D869E800C6BDC4 /* ObjModel.cpp in Sources */,
				68E0F29021FF131C00F7C45C /* EnvironmentSphere.cpp in Sources */,
				68E28F7020D7D4CF008D533B /* SpaceShip.cpp in Sources */,
				68429F182203332F00D628E9 /* AsteroidSpawner.cpp in Sources */,
			);
			runOnlyForDeploymentPostprocessing = 0;
		};
/* End PBXSourcesBuildPhase section */

/* Begin XCBuildConfiguration section */
		68659EC820907B4B00117AD4 /* Debug */ = {
			isa = XCBuildConfiguration;
			buildSettings = {
				ALWAYS_SEARCH_USER_PATHS = NO;
				CLANG_ANALYZER_NONNULL = YES;
				CLANG_ANALYZER_NUMBER_OBJECT_CONVERSION = YES_AGGRESSIVE;
				CLANG_CXX_LANGUAGE_STANDARD = "gnu++14";
				CLANG_CXX_LIBRARY = "libc++";
				CLANG_ENABLE_MODULES = YES;
				CLANG_ENABLE_OBJC_ARC = YES;
				CLANG_ENABLE_OBJC_WEAK = YES;
				CLANG_WARN_BLOCK_CAPTURE_AUTORELEASING = YES;
				CLANG_WARN_BOOL_CONVERSION = YES;
				CLANG_WARN_COMMA = YES;
				CLANG_WARN_CONSTANT_CONVERSION = YES;
				CLANG_WARN_DEPRECATED_OBJC_IMPLEMENTATIONS = YES;
				CLANG_WARN_DIRECT_OBJC_ISA_USAGE = YES_ERROR;
				CLANG_WARN_DOCUMENTATION_COMMENTS = YES;
				CLANG_WARN_EMPTY_BODY = YES;
				CLANG_WARN_ENUM_CONVERSION = YES;
				CLANG_WARN_INFINITE_RECURSION = YES;
				CLANG_WARN_INT_CONVERSION = YES;
				CLANG_WARN_NON_LITERAL_NULL_CONVERSION = YES;
				CLANG_WARN_OBJC_IMPLICIT_RETAIN_SELF = YES;
				CLANG_WARN_OBJC_LITERAL_CONVERSION = YES;
				CLANG_WARN_OBJC_ROOT_CLASS = YES_ERROR;
				CLANG_WARN_RANGE_LOOP_ANALYSIS = YES;
				CLANG_WARN_STRICT_PROTOTYPES = YES;
				CLANG_WARN_SUSPICIOUS_MOVE = YES;
				CLANG_WARN_UNGUARDED_AVAILABILITY = YES_AGGRESSIVE;
				CLANG_WARN_UNREACHABLE_CODE = YES;
				CLANG_WARN__DUPLICATE_METHOD_MATCH = YES;
				CODE_SIGN_IDENTITY = "-";
				COPY_PHASE_STRIP = NO;
				DEBUG_INFORMATION_FORMAT = dwarf;
				ENABLE_STRICT_OBJC_MSGSEND = YES;
				ENABLE_TESTABILITY = YES;
				GCC_C_LANGUAGE_STANDARD = gnu11;
				GCC_DYNAMIC_NO_PIC = NO;
				GCC_NO_COMMON_BLOCKS = YES;
				GCC_OPTIMIZATION_LEVEL = 0;
				GCC_PREPROCESSOR_DEFINITIONS = (
					"DEBUG=1",
					"$(inherited)",
				);
				GCC_WARN_64_TO_32_BIT_CONVERSION = YES;
				GCC_WARN_ABOUT_RETURN_TYPE = YES_ERROR;
				GCC_WARN_UNDECLARED_SELECTOR = YES;
				GCC_WARN_UNINITIALIZED_AUTOS = YES_AGGRESSIVE;
				GCC_WARN_UNUSED_FUNCTION = YES;
				GCC_WARN_UNUSED_VARIABLE = YES;
				MACOSX_DEPLOYMENT_TARGET = 10.13;
				MTL_ENABLE_DEBUG_INFO = YES;
				ONLY_ACTIVE_ARCH = YES;
				SDKROOT = macosx;
			};
			name = Debug;
		};
		68659EC920907B4B00117AD4 /* Release */ = {
			isa = XCBuildConfiguration;
			buildSettings = {
				ALWAYS_SEARCH_USER_PATHS = NO;
				CLANG_ANALYZER_NONNULL = YES;
				CLANG_ANALYZER_NUMBER_OBJECT_CONVERSION = YES_AGGRESSIVE;
				CLANG_CXX_LANGUAGE_STANDARD = "gnu++14";
				CLANG_CXX_LIBRARY = "libc++";
				CLANG_ENABLE_MODULES = YES;
				CLANG_ENABLE_OBJC_ARC = YES;
				CLANG_ENABLE_OBJC_WEAK = YES;
				CLANG_WARN_BLOCK_CAPTURE_AUTORELEASING = YES;
				CLANG_WARN_BOOL_CONVERSION = YES;
				CLANG_WARN_COMMA = YES;
				CLANG_WARN_CONSTANT_CONVERSION = YES;
				CLANG_WARN_DEPRECATED_OBJC_IMPLEMENTATIONS = YES;
				CLANG_WARN_DIRECT_OBJC_ISA_USAGE = YES_ERROR;
				CLANG_WARN_DOCUMENTATION_COMMENTS = YES;
				CLANG_WARN_EMPTY_BODY = YES;
				CLANG_WARN_ENUM_CONVERSION = YES;
				CLANG_WARN_INFINITE_RECURSION = YES;
				CLANG_WARN_INT_CONVERSION = YES;
				CLANG_WARN_NON_LITERAL_NULL_CONVERSION = YES;
				CLANG_WARN_OBJC_IMPLICIT_RETAIN_SELF = YES;
				CLANG_WARN_OBJC_LITERAL_CONVERSION = YES;
				CLANG_WARN_OBJC_ROOT_CLASS = YES_ERROR;
				CLANG_WARN_RANGE_LOOP_ANALYSIS = YES;
				CLANG_WARN_STRICT_PROTOTYPES = YES;
				CLANG_WARN_SUSPICIOUS_MOVE = YES;
				CLANG_WARN_UNGUARDED_AVAILABILITY = YES_AGGRESSIVE;
				CLANG_WARN_UNREACHABLE_CODE = YES;
				CLANG_WARN__DUPLICATE_METHOD_MATCH = YES;
				CODE_SIGN_IDENTITY = "-";
				COPY_PHASE_STRIP = NO;
				DEBUG_INFORMATION_FORMAT = "dwarf-with-dsym";
				ENABLE_NS_ASSERTIONS = NO;
				ENABLE_STRICT_OBJC_MSGSEND = YES;
				GCC_C_LANGUAGE_STANDARD = gnu11;
				GCC_NO_COMMON_BLOCKS = YES;
				GCC_WARN_64_TO_32_BIT_CONVERSION = YES;
				GCC_WARN_ABOUT_RETURN_TYPE = YES_ERROR;
				GCC_WARN_UNDECLARED_SELECTOR = YES;
				GCC_WARN_UNINITIALIZED_AUTOS = YES_AGGRESSIVE;
				GCC_WARN_UNUSED_FUNCTION = YES;
				GCC_WARN_UNUSED_VARIABLE = YES;
				MACOSX_DEPLOYMENT_TARGET = 10.13;
				MTL_ENABLE_DEBUG_INFO = NO;
				SDKROOT = macosx;
			};
			name = Release;
		};
		68659ECB20907B4B00117AD4 /* Debug */ = {
			isa = XCBuildConfiguration;
			buildSettings = {
				CLANG_CXX_LANGUAGE_STANDARD = "gnu++14";
				CLANG_CXX_LIBRARY = "libc++";
				CODE_SIGN_STYLE = Automatic;
				HEADER_SEARCH_PATHS = /usr/local/Cellar/glm/0.9.9.0/include/glm;
				OTHER_LDFLAGS = "-v";
				PRODUCT_NAME = "$(TARGET_NAME)";
			};
			name = Debug;
		};
		68659ECC20907B4B00117AD4 /* Release */ = {
			isa = XCBuildConfiguration;
			buildSettings = {
				CLANG_CXX_LANGUAGE_STANDARD = "gnu++14";
				CLANG_CXX_LIBRARY = "libc++";
				CODE_SIGN_STYLE = Automatic;
				HEADER_SEARCH_PATHS = /usr/local/Cellar/glm/0.9.9.0/include/glm;
				OTHER_LDFLAGS = "-v";
				PRODUCT_NAME = "$(TARGET_NAME)";
			};
			name = Release;
		};
/* End XCBuildConfiguration section */

/* Begin XCConfigurationList section */
		68659EBE20907B4B00117AD4 /* Build configuration list for PBXProject "TI24-OpenGL" */ = {
			isa = XCConfigurationList;
			buildConfigurations = (
				68659EC820907B4B00117AD4 /* Debug */,
				68659EC920907B4B00117AD4 /* Release */,
			);
			defaultConfigurationIsVisible = 0;
			defaultConfigurationName = Release;
		};
		68659ECA20907B4B00117AD4 /* Build configuration list for PBXNativeTarget "TI24-OpenGL" */ = {
			isa = XCConfigurationList;
			buildConfigurations = (
				68659ECB20907B4B00117AD4 /* Debug */,
				68659ECC20907B4B00117AD4 /* Release */,
			);
			defaultConfigurationIsVisible = 0;
			defaultConfigurationName = Release;
		};
/* End XCConfigurationList section */
	};
	rootObject = 68659EBB20907B4B00117AD4 /* Project object */;
}
